{
  "version": 4,
  "terraform_version": "1.0.0",
  "serial": 5,
  "lineage": "0afa975a-d944-0be3-3f68-5da0446e6ca7",
  "outputs": {},
  "resources": [
    {
      "mode": "managed",
      "type": "aci_application_epg",
      "name": "VLAN10-EPG",
      "provider": "provider[\"registry.terraform.io/ciscodevnet/aci\"]",
      "instances": [
        {
          "schema_version": 1,
          "attributes": {
            "annotation": "",
            "application_profile_dn": "uni/tn-Labor/ap-AP1",
            "description": "nan",
            "exception_tag": "",
            "flood_on_encap": "disabled",
            "fwd_ctrl": "",
            "has_mcast_source": "no",
            "id": "uni/tn-Labor/ap-AP1/epg-VLAN10-EPG",
            "is_attr_based_epg": "no",
            "match_t": "AtleastOne",
            "name": "VLAN10-EPG",
            "name_alias": "",
            "pc_enf_pref": "unenforced",
            "pref_gr_memb": "exclude",
            "prio": "unspecified",
            "relation_fv_rs_aepg_mon_pol": "",
            "relation_fv_rs_bd": null,
            "relation_fv_rs_cons": [],
            "relation_fv_rs_cons_if": [],
            "relation_fv_rs_cust_qos_pol": null,
            "relation_fv_rs_dpp_pol": "",
            "relation_fv_rs_fc_path_att": [],
            "relation_fv_rs_graph_def": [],
            "relation_fv_rs_intra_epg": [],
            "relation_fv_rs_node_att": [],
            "relation_fv_rs_prot_by": [],
            "relation_fv_rs_prov": [],
            "relation_fv_rs_prov_def": [],
            "relation_fv_rs_sec_inherited": [
              "uni/tn-Labor/ap-AP-Master/epg-Zone1-EPG"
            ],
            "relation_fv_rs_trust_ctrl": "",
            "shutdown": "no"
          },
          "sensitive_attributes": [],
          "private": "eyJzY2hlbWFfdmVyc2lvbiI6IjEifQ=="
        }
      ]
    },
    {
      "mode": "managed",
      "type": "aci_application_profile",
      "name": "AP1",
      "provider": "provider[\"registry.terraform.io/ciscodevnet/aci\"]",
      "instances": [
        {
          "schema_version": 1,
          "attributes": {
            "annotation": "",
            "description": "",
            "id": "uni/tn-Labor/ap-AP1",
            "name": "AP1",
            "name_alias": "",
            "prio": "unspecified",
            "relation_fv_rs_ap_mon_pol": "",
            "tenant_dn": "uni/tn-Labor"
          },
          "sensitive_attributes": [],
          "private": "eyJzY2hlbWFfdmVyc2lvbiI6IjEifQ=="
        }
      ]
    },
    {
      "mode": "managed",
      "type": "aci_epg_to_static_path",
      "name": "leaf_111_eth1_20",
      "provider": "provider[\"registry.terraform.io/ciscodevnet/aci\"]",
      "instances": [
        {
          "schema_version": 1,
          "attributes": {
            "annotation": "",
            "application_epg_dn": "uni/tn-Labor/ap-AP1/epg-VLAN10-EPG",
            "description": null,
            "encap": "vlan-10",
            "id": "uni/tn-Labor/ap-AP1/epg-VLAN10-EPG/rspathAtt-[topology/pod-1/paths-111/pathep-[eth1/20]]",
            "instr_imedcy": "immediate",
            "mode": "regular",
            "primary_encap": "unknown",
            "tdn": "topology/pod-1/paths-111/pathep-[eth1/20]"
          },
          "sensitive_attributes": [],
          "private": "eyJzY2hlbWFfdmVyc2lvbiI6IjEifQ=="
        }
      ]
    },
    {
      "mode": "managed",
      "type": "aci_epg_to_static_path",
      "name": "leaf_111_eth1_21",
      "provider": "provider[\"registry.terraform.io/ciscodevnet/aci\"]",
      "instances": [
        {
          "schema_version": 1,
          "attributes": {
            "annotation": "orchestrator:terraform",
            "application_epg_dn": "uni/tn-Labor/ap-AP1/epg-VLAN10-EPG",
            "description": null,
            "encap": "vlan-10",
            "id": "uni/tn-Labor/ap-AP1/epg-VLAN10-EPG/rspathAtt-[topology/pod-1/paths-111/pathep-[eth1/21]]",
            "instr_imedcy": "immediate",
            "mode": "regular",
            "primary_encap": "unknown",
            "tdn": "topology/pod-1/paths-111/pathep-[eth1/21]"
          },
          "sensitive_attributes": [],
          "private": "eyJzY2hlbWFfdmVyc2lvbiI6IjEifQ=="
        }
      ]
    },
    {
      "mode": "managed",
      "type": "aci_tenant",
      "name": "Labor",
      "provider": "provider[\"registry.terraform.io/ciscodevnet/aci\"]",
      "instances": [
        {
          "schema_version": 1,
          "attributes": {
            "annotation": "",
            "description": "",
            "id": "uni/tn-Labor",
            "name": "Labor",
            "name_alias": "",
            "relation_fv_rs_tenant_mon_pol": null,
            "relation_fv_rs_tn_deny_rule": []
          },
          "sensitive_attributes": [],
          "private": "eyJzY2hlbWFfdmVyc2lvbiI6IjEifQ=="
        }
      ]
    }
  ]
}
